
Microsoft Visual Studio Solution File, Format Version 12.00
# Visual Studio 15
VisualStudioVersion = 15.0.27703.2042
MinimumVisualStudioVersion = 10.0.40219.1
Project("{FAE04EC0-301F-11D3-BF4B-00C04F79EFBC}") = "GestionBonos", "GestionBonos\GestionBonos.csproj", "{1220198A-F555-4179-9604-309EDF42A927}"
EndProject
Global
	GlobalSection(SolutionConfigurationPlatforms) = preSolution
		Debug|Any CPU = Debug|Any CPU
		Release|Any CPU = Release|Any CPU
	EndGlobalSection
	GlobalSection(ProjectConfigurationPlatforms) = postSolution
		{1220198A-F555-4179-9604-309EDF42A927}.Debug|Any CPU.ActiveCfg = Debug|Any CPU
		{1220198A-F555-4179-9604-309EDF42A927}.Debug|Any CPU.Build.0 = Debug|Any CPU
		{1220198A-F555-4179-9604-309EDF42A927}.Release|Any CPU.ActiveCfg = Release|Any CPU
		{1220198A-F555-4179-9604-309EDF42A927}.Release|Any CPU.Build.0 = Release|Any CPU
	EndGlobalSection
	GlobalSection(SolutionProperties) = preSolution
		HideSolutionNode = FALSE
	EndGlobalSection
	GlobalSection(ExtensibilityGlobals) = postSolution
		SolutionGuid = {8BE570B5-5348-4176-B60D-D433008BEE39}
	EndGlobalSection
EndGlobal
